Microsoft Visual Studio Solution File, Format Version 12.00
# Visual Studio Version 17
VisualStudioVersion = 17.5.2.0
MinimumVisualStudioVersion = 10.0.40219.1
Project("{FAE04EC0-301F-11D3-BF4B-00C04F79EFBC}") = "PSF", "PSF.csproj", "{67EA4F25-7E0F-2E64-A059-389D3E369992}"
EndProject
Global
	GlobalSection(SolutionConfigurationPlatforms) = preSolution
		Debug|Any CPU = Debug|Any CPU
		Release|Any CPU = Release|Any CPU
	EndGlobalSection
	GlobalSection(ProjectConfigurationPlatforms) = postSolution
		{67EA4F25-7E0F-2E64-A059-389D3E369992}.Debug|Any CPU.ActiveCfg = Debug|Any CPU
		{67EA4F25-7E0F-2E64-A059-389D3E369992}.Debug|Any CPU.Build.0 = Debug|Any CPU
		{67EA4F25-7E0F-2E64-A059-389D3E369992}.Release|Any CPU.ActiveCfg = Release|Any CPU
		{67EA4F25-7E0F-2E64-A059-389D3E369992}.Release|Any CPU.Build.0 = Release|Any CPU
	EndGlobalSection
	GlobalSection(SolutionProperties) = preSolution
		HideSolutionNode = FALSE
	EndGlobalSection
	GlobalSection(ExtensibilityGlobals) = postSolution
		SolutionGuid = {B5184C62-9029-4F35-809B-7595E5189608}
	EndGlobalSection
EndGlobal
